
Microsoft Visual Studio Solution File, Format Version 12.00
# Visual Studio 15
VisualStudioVersion = 15.0.28010.2050
MinimumVisualStudioVersion = 10.0.40219.1
Project("{9A19103F-16F7-4668-BE54-9A1E7A4F7556}") = "Herança_e_Polimorfismo", "Herança_e_Polimorfismo\Herança_e_Polimorfismo.csproj", "{1337AFE5-3561-4247-87F0-E6065839FCC8}"
EndProject
Project("{FAE04EC0-301F-11D3-BF4B-00C04F79EFBC}") = "ExercicioResolvido1", "ExercicioResolvido1\ExercicioResolvido1.csproj", "{84752116-A008-4184-A574-2C575E950606}"
EndProject
Global
	GlobalSection(SolutionConfigurationPlatforms) = preSolution
		Debug|Any CPU = Debug|Any CPU
		Release|Any CPU = Release|Any CPU
	EndGlobalSection
	GlobalSection(ProjectConfigurationPlatforms) = postSolution
		{1337AFE5-3561-4247-87F0-E6065839FCC8}.Debug|Any CPU.ActiveCfg = Debug|Any CPU
		{1337AFE5-3561-4247-87F0-E6065839FCC8}.Debug|Any CPU.Build.0 = Debug|Any CPU
		{1337AFE5-3561-4247-87F0-E6065839FCC8}.Release|Any CPU.ActiveCfg = Release|Any CPU
		{1337AFE5-3561-4247-87F0-E6065839FCC8}.Release|Any CPU.Build.0 = Release|Any CPU
		{84752116-A008-4184-A574-2C575E950606}.Debug|Any CPU.ActiveCfg = Debug|Any CPU
		{84752116-A008-4184-A574-2C575E950606}.Debug|Any CPU.Build.0 = Debug|Any CPU
		{84752116-A008-4184-A574-2C575E950606}.Release|Any CPU.ActiveCfg = Release|Any CPU
		{84752116-A008-4184-A574-2C575E950606}.Release|Any CPU.Build.0 = Release|Any CPU
	EndGlobalSection
	GlobalSection(SolutionProperties) = preSolution
		HideSolutionNode = FALSE
	EndGlobalSection
	GlobalSection(ExtensibilityGlobals) = postSolution
		SolutionGuid = {6F776CEE-EDD0-4234-B16C-E597D5412683}
	EndGlobalSection
EndGlobal
