
Microsoft Visual Studio Solution File, Format Version 12.00
# Visual Studio 15
VisualStudioVersion = 15.0.28010.2050
MinimumVisualStudioVersion = 10.0.40219.1
Project("{9A19103F-16F7-4668-BE54-9A1E7A4F7556}") = "Herança_e_Polimorfismo", "Herança_e_Polimorfismo\Herança_e_Polimorfismo.csproj", "{1337AFE5-3561-4247-87F0-E6065839FCC8}"
EndProject
Project("{9A19103F-16F7-4668-BE54-9A1E7A4F7556}") = "ExercicioResolvido1", "ExercicioResolvido1\ExercicioResolvido1.csproj", "{84752116-A008-4184-A574-2C575E950606}"
EndProject
<<<<<<< HEAD
Project("{FAE04EC0-301F-11D3-BF4B-00C04F79EFBC}") = "MetodoAbstrato", "MetodoAbstrato\MetodoAbstrato.csproj", "{69826A2E-1482-4876-ACD8-74524CD267F1}"
=======
Project("{FAE04EC0-301F-11D3-BF4B-00C04F79EFBC}") = "ExercicioPraFixacao", "ExercicioPraFixacao\ExercicioPraFixacao.csproj", "{CD05127D-AC1A-492D-A653-28EDAD0D77AF}"
>>>>>>> 558f7611f83c92dcad377114a1cb7185039d8475
EndProject
Global
	GlobalSection(SolutionConfigurationPlatforms) = preSolution
		Debug|Any CPU = Debug|Any CPU
		Release|Any CPU = Release|Any CPU
	EndGlobalSection
	GlobalSection(ProjectConfigurationPlatforms) = postSolution
		{1337AFE5-3561-4247-87F0-E6065839FCC8}.Debug|Any CPU.ActiveCfg = Debug|Any CPU
		{1337AFE5-3561-4247-87F0-E6065839FCC8}.Debug|Any CPU.Build.0 = Debug|Any CPU
		{1337AFE5-3561-4247-87F0-E6065839FCC8}.Release|Any CPU.ActiveCfg = Release|Any CPU
		{1337AFE5-3561-4247-87F0-E6065839FCC8}.Release|Any CPU.Build.0 = Release|Any CPU
		{84752116-A008-4184-A574-2C575E950606}.Debug|Any CPU.ActiveCfg = Debug|Any CPU
		{84752116-A008-4184-A574-2C575E950606}.Debug|Any CPU.Build.0 = Debug|Any CPU
		{84752116-A008-4184-A574-2C575E950606}.Release|Any CPU.ActiveCfg = Release|Any CPU
		{84752116-A008-4184-A574-2C575E950606}.Release|Any CPU.Build.0 = Release|Any CPU
<<<<<<< HEAD
		{69826A2E-1482-4876-ACD8-74524CD267F1}.Debug|Any CPU.ActiveCfg = Debug|Any CPU
		{69826A2E-1482-4876-ACD8-74524CD267F1}.Debug|Any CPU.Build.0 = Debug|Any CPU
		{69826A2E-1482-4876-ACD8-74524CD267F1}.Release|Any CPU.ActiveCfg = Release|Any CPU
		{69826A2E-1482-4876-ACD8-74524CD267F1}.Release|Any CPU.Build.0 = Release|Any CPU
=======
		{CD05127D-AC1A-492D-A653-28EDAD0D77AF}.Debug|Any CPU.ActiveCfg = Debug|Any CPU
		{CD05127D-AC1A-492D-A653-28EDAD0D77AF}.Debug|Any CPU.Build.0 = Debug|Any CPU
		{CD05127D-AC1A-492D-A653-28EDAD0D77AF}.Release|Any CPU.ActiveCfg = Release|Any CPU
		{CD05127D-AC1A-492D-A653-28EDAD0D77AF}.Release|Any CPU.Build.0 = Release|Any CPU
>>>>>>> 558f7611f83c92dcad377114a1cb7185039d8475
	EndGlobalSection
	GlobalSection(SolutionProperties) = preSolution
		HideSolutionNode = FALSE
	EndGlobalSection
	GlobalSection(ExtensibilityGlobals) = postSolution
		SolutionGuid = {6F776CEE-EDD0-4234-B16C-E597D5412683}
	EndGlobalSection
EndGlobal
